
Microsoft Visual Studio Solution File, Format Version 12.00
# Visual Studio Version 17
VisualStudioVersion = 17.8.34525.116
MinimumVisualStudioVersion = 10.0.40219.1
Project("{FAE04EC0-301F-11D3-BF4B-00C04F79EFBC}") = "Enunciado #2 .2", "Enunciado #2 .2\Enunciado #2 .2.csproj", "{2D6F30F4-D733-4BDD-9AA9-318F5F8CC62E}"
EndProject
Global
	GlobalSection(SolutionConfigurationPlatforms) = preSolution
		Debug|Any CPU = Debug|Any CPU
		Release|Any CPU = Release|Any CPU
	EndGlobalSection
	GlobalSection(ProjectConfigurationPlatforms) = postSolution
		{2D6F30F4-D733-4BDD-9AA9-318F5F8CC62E}.Debug|Any CPU.ActiveCfg = Debug|Any CPU
		{2D6F30F4-D733-4BDD-9AA9-318F5F8CC62E}.Debug|Any CPU.Build.0 = Debug|Any CPU
		{2D6F30F4-D733-4BDD-9AA9-318F5F8CC62E}.Release|Any CPU.ActiveCfg = Release|Any CPU
		{2D6F30F4-D733-4BDD-9AA9-318F5F8CC62E}.Release|Any CPU.Build.0 = Release|Any CPU
	EndGlobalSection
	GlobalSection(SolutionProperties) = preSolution
		HideSolutionNode = FALSE
	EndGlobalSection
	GlobalSection(ExtensibilityGlobals) = postSolution
		SolutionGuid = {580CDB18-85C9-4F77-A0FD-8099460B35DD}
	EndGlobalSection
EndGlobal
